
Microsoft Visual Studio Solution File, Format Version 12.00
# Visual Studio Version 16
VisualStudioVersion = 16.0.29806.167
MinimumVisualStudioVersion = 10.0.40219.1
Project("{FAE04EC0-301F-11D3-BF4B-00C04F79EFBC}") = "Playlist", "Playlist\Playlist.csproj", "{EB2188D1-6CD6-4B22-8985-6D339E9D2FCD}"
EndProject
Global
	GlobalSection(SolutionConfigurationPlatforms) = preSolution
		Debug|Any CPU = Debug|Any CPU
		Release|Any CPU = Release|Any CPU
	EndGlobalSection
	GlobalSection(ProjectConfigurationPlatforms) = postSolution
		{EB2188D1-6CD6-4B22-8985-6D339E9D2FCD}.Debug|Any CPU.ActiveCfg = Debug|Any CPU
		{EB2188D1-6CD6-4B22-8985-6D339E9D2FCD}.Debug|Any CPU.Build.0 = Debug|Any CPU
		{EB2188D1-6CD6-4B22-8985-6D339E9D2FCD}.Release|Any CPU.ActiveCfg = Release|Any CPU
		{EB2188D1-6CD6-4B22-8985-6D339E9D2FCD}.Release|Any CPU.Build.0 = Release|Any CPU
	EndGlobalSection
	GlobalSection(SolutionProperties) = preSolution
		HideSolutionNode = FALSE
	EndGlobalSection
	GlobalSection(ExtensibilityGlobals) = postSolution
		SolutionGuid = {26754BBF-471C-49C2-ABA2-792C05B9BCA5}
	EndGlobalSection
EndGlobal
